// !$*UTF8*$!
{
	archiveVersion = 1;
	classes = {
	};
	objectVersion = 56;
	objects = {

/* Begin PBXBuildFile section */
		371932452B95FE9000F43CD9 /* ABNAssessmentApp.swift in Sources */ = {isa = PBXBuildFile; fileRef = 371932442B95FE9000F43CD9 /* ABNAssessmentApp.swift */; };
		371932492B95FE9100F43CD9 /* Assets.xcassets in Resources */ = {isa = PBXBuildFile; fileRef = 371932482B95FE9100F43CD9 /* Assets.xcassets */; };
		3719324D2B95FE9100F43CD9 /* Preview Assets.xcassets in Resources */ = {isa = PBXBuildFile; fileRef = 3719324C2B95FE9100F43CD9 /* Preview Assets.xcassets */; };
		371932712B96004700F43CD9 /* locationsData.json in Resources */ = {isa = PBXBuildFile; fileRef = 371932702B96004700F43CD9 /* locationsData.json */; };
		371932732B96009000F43CD9 /* DataFile.swift in Sources */ = {isa = PBXBuildFile; fileRef = 371932722B96009000F43CD9 /* DataFile.swift */; };
		371932852B96043300F43CD9 /* LocationsView.swift in Sources */ = {isa = PBXBuildFile; fileRef = 371932842B96043300F43CD9 /* LocationsView.swift */; };
		371932892B9604A400F43CD9 /* LocationView.swift in Sources */ = {isa = PBXBuildFile; fileRef = 371932882B9604A400F43CD9 /* LocationView.swift */; };
		3719329E2B9607A500F43CD9 /* LocationsViewModelTests.swift in Sources */ = {isa = PBXBuildFile; fileRef = 3719329D2B9607A500F43CD9 /* LocationsViewModelTests.swift */; };
		371932A12B9608C200F43CD9 /* LocationsViewModel.swift in Sources */ = {isa = PBXBuildFile; fileRef = 371932A02B9608C100F43CD9 /* LocationsViewModel.swift */; };
		371932A32B9608D900F43CD9 /* SimpleAPIMock.swift in Sources */ = {isa = PBXBuildFile; fileRef = 371932A22B9608D900F43CD9 /* SimpleAPIMock.swift */; };
		371932A52B9608E200F43CD9 /* XCTestCase+MemoryLeakTracking.swift in Sources */ = {isa = PBXBuildFile; fileRef = 371932A42B9608E200F43CD9 /* XCTestCase+MemoryLeakTracking.swift */; };
		37B24B742B975A4400D15489 /* APIEndpoint.swift in Sources */ = {isa = PBXBuildFile; fileRef = 37B24B712B975A4400D15489 /* APIEndpoint.swift */; };
		37B24B752B975A4400D15489 /* SimpleAPI.swift in Sources */ = {isa = PBXBuildFile; fileRef = 37B24B722B975A4400D15489 /* SimpleAPI.swift */; };
		37B24B762B975A4400D15489 /* APIError.swift in Sources */ = {isa = PBXBuildFile; fileRef = 37B24B732B975A4400D15489 /* APIError.swift */; };
		37B24B782B975AB100D15489 /* PickLocationView.swift in Sources */ = {isa = PBXBuildFile; fileRef = 37B24B772B975AB100D15489 /* PickLocationView.swift */; };
		37B24B7A2B975ABA00D15489 /* ViewState.swift in Sources */ = {isa = PBXBuildFile; fileRef = 37B24B792B975ABA00D15489 /* ViewState.swift */; };
		37B24B802B975BEB00D15489 /* Documentation.docc in Sources */ = {isa = PBXBuildFile; fileRef = 37B24B7F2B975BEB00D15489 /* Documentation.docc */; };
		37B24B832B975C3E00D15489 /* LocationsList.swift in Sources */ = {isa = PBXBuildFile; fileRef = 37B24B812B975C3E00D15489 /* LocationsList.swift */; };
		37B24B842B975C3E00D15489 /* Location.swift in Sources */ = {isa = PBXBuildFile; fileRef = 37B24B822B975C3E00D15489 /* Location.swift */; };
		37E645842B96138300EE26B0 /* DeepLink.swift in Sources */ = {isa = PBXBuildFile; fileRef = 37E645832B96138100EE26B0 /* DeepLink.swift */; };
		37E645862B96143C00EE26B0 /* DeepLinkTests.swift in Sources */ = {isa = PBXBuildFile; fileRef = 37E645852B96143C00EE26B0 /* DeepLinkTests.swift */; };
/* End PBXBuildFile section */

/* Begin PBXContainerItemProxy section */
		371932532B95FE9100F43CD9 /* PBXContainerItemProxy */ = {
			isa = PBXContainerItemProxy;
			containerPortal = 371932392B95FE9000F43CD9 /* Project object */;
			proxyType = 1;
			remoteGlobalIDString = 371932402B95FE9000F43CD9;
			remoteInfo = ABNAssessment;
		};
/* End PBXContainerItemProxy section */

/* Begin PBXFileReference section */
		371932412B95FE9000F43CD9 /* ABNAssessment.app */ = {isa = PBXFileReference; explicitFileType = wrapper.application; includeInIndex = 0; path = ABNAssessment.app; sourceTree = BUILT_PRODUCTS_DIR; };
		371932442B95FE9000F43CD9 /* ABNAssessmentApp.swift */ = {isa = PBXFileReference; lastKnownFileType = sourcecode.swift; path = ABNAssessmentApp.swift; sourceTree = "<group>"; };
		371932482B95FE9100F43CD9 /* Assets.xcassets */ = {isa = PBXFileReference; lastKnownFileType = folder.assetcatalog; path = Assets.xcassets; sourceTree = "<group>"; };
		3719324A2B95FE9100F43CD9 /* ABNAssessment.entitlements */ = {isa = PBXFileReference; lastKnownFileType = text.plist.entitlements; path = ABNAssessment.entitlements; sourceTree = "<group>"; };
		3719324C2B95FE9100F43CD9 /* Preview Assets.xcassets */ = {isa = PBXFileReference; lastKnownFileType = folder.assetcatalog; path = "Preview Assets.xcassets"; sourceTree = "<group>"; };
		371932522B95FE9100F43CD9 /* ABNAssessmentTests.xctest */ = {isa = PBXFileReference; explicitFileType = wrapper.cfbundle; includeInIndex = 0; path = ABNAssessmentTests.xctest; sourceTree = BUILT_PRODUCTS_DIR; };
		3719326F2B95FEDD00F43CD9 /* ABNAssessment.xctestplan */ = {isa = PBXFileReference; lastKnownFileType = text; path = ABNAssessment.xctestplan; sourceTree = "<group>"; };
		371932702B96004700F43CD9 /* locationsData.json */ = {isa = PBXFileReference; lastKnownFileType = text.json; path = locationsData.json; sourceTree = "<group>"; };
		371932722B96009000F43CD9 /* DataFile.swift */ = {isa = PBXFileReference; lastKnownFileType = sourcecode.swift; path = DataFile.swift; sourceTree = "<group>"; };
		371932842B96043300F43CD9 /* LocationsView.swift */ = {isa = PBXFileReference; lastKnownFileType = sourcecode.swift; path = LocationsView.swift; sourceTree = "<group>"; };
		371932882B9604A400F43CD9 /* LocationView.swift */ = {isa = PBXFileReference; lastKnownFileType = sourcecode.swift; path = LocationView.swift; sourceTree = "<group>"; };
		3719329D2B9607A500F43CD9 /* LocationsViewModelTests.swift */ = {isa = PBXFileReference; lastKnownFileType = sourcecode.swift; path = LocationsViewModelTests.swift; sourceTree = "<group>"; };
		371932A02B9608C100F43CD9 /* LocationsViewModel.swift */ = {isa = PBXFileReference; lastKnownFileType = sourcecode.swift; path = LocationsViewModel.swift; sourceTree = "<group>"; };
		371932A22B9608D900F43CD9 /* SimpleAPIMock.swift */ = {isa = PBXFileReference; lastKnownFileType = sourcecode.swift; path = SimpleAPIMock.swift; sourceTree = "<group>"; };
		371932A42B9608E200F43CD9 /* XCTestCase+MemoryLeakTracking.swift */ = {isa = PBXFileReference; lastKnownFileType = sourcecode.swift; path = "XCTestCase+MemoryLeakTracking.swift"; sourceTree = "<group>"; };
		37B24B712B975A4400D15489 /* APIEndpoint.swift */ = {isa = PBXFileReference; fileEncoding = 4; lastKnownFileType = sourcecode.swift; path = APIEndpoint.swift; sourceTree = "<group>"; };
		37B24B722B975A4400D15489 /* SimpleAPI.swift */ = {isa = PBXFileReference; fileEncoding = 4; lastKnownFileType = sourcecode.swift; path = SimpleAPI.swift; sourceTree = "<group>"; };
		37B24B732B975A4400D15489 /* APIError.swift */ = {isa = PBXFileReference; fileEncoding = 4; lastKnownFileType = sourcecode.swift; path = APIError.swift; sourceTree = "<group>"; };
		37B24B772B975AB100D15489 /* PickLocationView.swift */ = {isa = PBXFileReference; fileEncoding = 4; lastKnownFileType = sourcecode.swift; path = PickLocationView.swift; sourceTree = "<group>"; };
		37B24B792B975ABA00D15489 /* ViewState.swift */ = {isa = PBXFileReference; fileEncoding = 4; lastKnownFileType = sourcecode.swift; path = ViewState.swift; sourceTree = "<group>"; };
		37B24B7F2B975BEB00D15489 /* Documentation.docc */ = {isa = PBXFileReference; lastKnownFileType = folder.documentationcatalog; path = Documentation.docc; sourceTree = "<group>"; };
		37B24B812B975C3E00D15489 /* LocationsList.swift */ = {isa = PBXFileReference; fileEncoding = 4; lastKnownFileType = sourcecode.swift; path = LocationsList.swift; sourceTree = "<group>"; };
		37B24B822B975C3E00D15489 /* Location.swift */ = {isa = PBXFileReference; fileEncoding = 4; lastKnownFileType = sourcecode.swift; path = Location.swift; sourceTree = "<group>"; };
		37E645832B96138100EE26B0 /* DeepLink.swift */ = {isa = PBXFileReference; lastKnownFileType = sourcecode.swift; path = DeepLink.swift; sourceTree = "<group>"; };
		37E645852B96143C00EE26B0 /* DeepLinkTests.swift */ = {isa = PBXFileReference; lastKnownFileType = sourcecode.swift; path = DeepLinkTests.swift; sourceTree = "<group>"; };
/* End PBXFileReference section */

/* Begin PBXFrameworksBuildPhase section */
		3719323E2B95FE9000F43CD9 /* Frameworks */ = {
			isa = PBXFrameworksBuildPhase;
			buildActionMask = 2147483647;
			files = (
			);
			runOnlyForDeploymentPostprocessing = 0;
		};
		3719324F2B95FE9100F43CD9 /* Frameworks */ = {
			isa = PBXFrameworksBuildPhase;
			buildActionMask = 2147483647;
			files = (
			);
			runOnlyForDeploymentPostprocessing = 0;
		};
/* End PBXFrameworksBuildPhase section */

/* Begin PBXGroup section */
		371932382B95FE9000F43CD9 = {
			isa = PBXGroup;
			children = (
				371932432B95FE9000F43CD9 /* ABNAssessment */,
				37B24B7F2B975BEB00D15489 /* Documentation.docc */,
				3719326F2B95FEDD00F43CD9 /* ABNAssessment.xctestplan */,
				371932552B95FE9100F43CD9 /* ABNAssessmentTests */,
				371932422B95FE9000F43CD9 /* Products */,
			);
			sourceTree = "<group>";
		};
		371932422B95FE9000F43CD9 /* Products */ = {
			isa = PBXGroup;
			children = (
				371932412B95FE9000F43CD9 /* ABNAssessment.app */,
				371932522B95FE9100F43CD9 /* ABNAssessmentTests.xctest */,
			);
			name = Products;
			sourceTree = "<group>";
		};
		371932432B95FE9000F43CD9 /* ABNAssessment */ = {
			isa = PBXGroup;
			children = (
				371932792B96024700F43CD9 /* API */,
				371932742B9600AF00F43CD9 /* App */,
				371932832B96036800F43CD9 /* Resources */,
				3719324B2B95FE9100F43CD9 /* Preview Content */,
				3719324A2B95FE9100F43CD9 /* ABNAssessment.entitlements */,
			);
			path = ABNAssessment;
			sourceTree = "<group>";
		};
		3719324B2B95FE9100F43CD9 /* Preview Content */ = {
			isa = PBXGroup;
			children = (
				3719324C2B95FE9100F43CD9 /* Preview Assets.xcassets */,
				371932702B96004700F43CD9 /* locationsData.json */,
				371932722B96009000F43CD9 /* DataFile.swift */,
			);
			path = "Preview Content";
			sourceTree = "<group>";
		};
		371932552B95FE9100F43CD9 /* ABNAssessmentTests */ = {
			isa = PBXGroup;
			children = (
				371932A42B9608E200F43CD9 /* XCTestCase+MemoryLeakTracking.swift */,
				371932982B96075F00F43CD9 /* Mocks */,
				3719329B2B96077D00F43CD9 /* Scenes */,
				37E645852B96143C00EE26B0 /* DeepLinkTests.swift */,
			);
			path = ABNAssessmentTests;
			sourceTree = "<group>";
		};
		371932742B9600AF00F43CD9 /* App */ = {
			isa = PBXGroup;
			children = (
				371932442B95FE9000F43CD9 /* ABNAssessmentApp.swift */,
				371932752B9600CB00F43CD9 /* Scenes */,
				37E645832B96138100EE26B0 /* DeepLink.swift */,
				37B24B792B975ABA00D15489 /* ViewState.swift */,
			);
			path = App;
			sourceTree = "<group>";
		};
		371932752B9600CB00F43CD9 /* Scenes */ = {
			isa = PBXGroup;
			children = (
				371932762B9600D400F43CD9 /* Locations */,
			);
			path = Scenes;
			sourceTree = "<group>";
		};
		371932762B9600D400F43CD9 /* Locations */ = {
			isa = PBXGroup;
			children = (
				371932A02B9608C100F43CD9 /* LocationsViewModel.swift */,
				371932842B96043300F43CD9 /* LocationsView.swift */,
				371932882B9604A400F43CD9 /* LocationView.swift */,
				37B24B772B975AB100D15489 /* PickLocationView.swift */,
			);
			path = Locations;
			sourceTree = "<group>";
		};
		371932792B96024700F43CD9 /* API */ = {
			isa = PBXGroup;
			children = (
				37B24B712B975A4400D15489 /* APIEndpoint.swift */,
				37B24B732B975A4400D15489 /* APIError.swift */,
				37B24B722B975A4400D15489 /* SimpleAPI.swift */,
				3719327E2B96029B00F43CD9 /* Locations */,
			);
			path = API;
			sourceTree = "<group>";
		};
		3719327E2B96029B00F43CD9 /* Locations */ = {
			isa = PBXGroup;
			children = (
				37B24B822B975C3E00D15489 /* Location.swift */,
				37B24B812B975C3E00D15489 /* LocationsList.swift */,
			);
			path = Locations;
			sourceTree = "<group>";
		};
		371932832B96036800F43CD9 /* Resources */ = {
			isa = PBXGroup;
			children = (
				371932482B95FE9100F43CD9 /* Assets.xcassets */,
			);
			path = Resources;
			sourceTree = "<group>";
		};
		371932982B96075F00F43CD9 /* Mocks */ = {
			isa = PBXGroup;
			children = (
				371932A22B9608D900F43CD9 /* SimpleAPIMock.swift */,
			);
			path = Mocks;
			sourceTree = "<group>";
		};
		3719329B2B96077D00F43CD9 /* Scenes */ = {
			isa = PBXGroup;
			children = (
				3719329C2B96078600F43CD9 /* Locations */,
			);
			path = Scenes;
			sourceTree = "<group>";
		};
		3719329C2B96078600F43CD9 /* Locations */ = {
			isa = PBXGroup;
			children = (
				3719329D2B9607A500F43CD9 /* LocationsViewModelTests.swift */,
			);
			path = Locations;
			sourceTree = "<group>";
		};
/* End PBXGroup section */

/* Begin PBXNativeTarget section */
		371932402B95FE9000F43CD9 /* ABNAssessment */ = {
			isa = PBXNativeTarget;
			buildConfigurationList = 371932662B95FE9100F43CD9 /* Build configuration list for PBXNativeTarget "ABNAssessment" */;
			buildPhases = (
				3719323D2B95FE9000F43CD9 /* Sources */,
				3719323E2B95FE9000F43CD9 /* Frameworks */,
				3719323F2B95FE9000F43CD9 /* Resources */,
			);
			buildRules = (
			);
			dependencies = (
			);
			name = ABNAssessment;
			productName = ABNAssessment;
			productReference = 371932412B95FE9000F43CD9 /* ABNAssessment.app */;
			productType = "com.apple.product-type.application";
		};
		371932512B95FE9100F43CD9 /* ABNAssessmentTests */ = {
			isa = PBXNativeTarget;
			buildConfigurationList = 371932692B95FE9100F43CD9 /* Build configuration list for PBXNativeTarget "ABNAssessmentTests" */;
			buildPhases = (
				3719324E2B95FE9100F43CD9 /* Sources */,
				3719324F2B95FE9100F43CD9 /* Frameworks */,
				371932502B95FE9100F43CD9 /* Resources */,
			);
			buildRules = (
			);
			dependencies = (
				371932542B95FE9100F43CD9 /* PBXTargetDependency */,
			);
			name = ABNAssessmentTests;
			productName = ABNAssessmentTests;
			productReference = 371932522B95FE9100F43CD9 /* ABNAssessmentTests.xctest */;
			productType = "com.apple.product-type.bundle.unit-test";
		};
/* End PBXNativeTarget section */

/* Begin PBXProject section */
		371932392B95FE9000F43CD9 /* Project object */ = {
			isa = PBXProject;
			attributes = {
				BuildIndependentTargetsInParallel = 1;
				LastSwiftUpdateCheck = 1520;
				LastUpgradeCheck = 1520;
				TargetAttributes = {
					371932402B95FE9000F43CD9 = {
						CreatedOnToolsVersion = 15.2;
					};
					371932512B95FE9100F43CD9 = {
						CreatedOnToolsVersion = 15.2;
						TestTargetID = 371932402B95FE9000F43CD9;
					};
				};
			};
			buildConfigurationList = 3719323C2B95FE9000F43CD9 /* Build configuration list for PBXProject "ABNAssessment" */;
			compatibilityVersion = "Xcode 14.0";
			developmentRegion = en;
			hasScannedForEncodings = 0;
			knownRegions = (
				en,
				Base,
			);
			mainGroup = 371932382B95FE9000F43CD9;
			productRefGroup = 371932422B95FE9000F43CD9 /* Products */;
			projectDirPath = "";
			projectRoot = "";
			targets = (
				371932402B95FE9000F43CD9 /* ABNAssessment */,
				371932512B95FE9100F43CD9 /* ABNAssessmentTests */,
			);
		};
/* End PBXProject section */

/* Begin PBXResourcesBuildPhase section */
		3719323F2B95FE9000F43CD9 /* Resources */ = {
			isa = PBXResourcesBuildPhase;
			buildActionMask = 2147483647;
			files = (
				371932712B96004700F43CD9 /* locationsData.json in Resources */,
				3719324D2B95FE9100F43CD9 /* Preview Assets.xcassets in Resources */,
				371932492B95FE9100F43CD9 /* Assets.xcassets in Resources */,
			);
			runOnlyForDeploymentPostprocessing = 0;
		};
		371932502B95FE9100F43CD9 /* Resources */ = {
			isa = PBXResourcesBuildPhase;
			buildActionMask = 2147483647;
			files = (
			);
			runOnlyForDeploymentPostprocessing = 0;
		};
/* End PBXResourcesBuildPhase section */

/* Begin PBXSourcesBuildPhase section */
		3719323D2B95FE9000F43CD9 /* Sources */ = {
			isa = PBXSourcesBuildPhase;
			buildActionMask = 2147483647;
			files = (
				37E645842B96138300EE26B0 /* DeepLink.swift in Sources */,
				371932732B96009000F43CD9 /* DataFile.swift in Sources */,
				371932852B96043300F43CD9 /* LocationsView.swift in Sources */,
				371932892B9604A400F43CD9 /* LocationView.swift in Sources */,
				37B24B782B975AB100D15489 /* PickLocationView.swift in Sources */,
				37B24B742B975A4400D15489 /* APIEndpoint.swift in Sources */,
				37B24B842B975C3E00D15489 /* Location.swift in Sources */,
				371932452B95FE9000F43CD9 /* ABNAssessmentApp.swift in Sources */,
				37B24B7A2B975ABA00D15489 /* ViewState.swift in Sources */,
				37B24B802B975BEB00D15489 /* Documentation.docc in Sources */,
				371932A12B9608C200F43CD9 /* LocationsViewModel.swift in Sources */,
				37B24B752B975A4400D15489 /* SimpleAPI.swift in Sources */,
				37B24B762B975A4400D15489 /* APIError.swift in Sources */,
				37B24B832B975C3E00D15489 /* LocationsList.swift in Sources */,
			);
			runOnlyForDeploymentPostprocessing = 0;
		};
		3719324E2B95FE9100F43CD9 /* Sources */ = {
			isa = PBXSourcesBuildPhase;
			buildActionMask = 2147483647;
			files = (
				371932A32B9608D900F43CD9 /* SimpleAPIMock.swift in Sources */,
				37E645862B96143C00EE26B0 /* DeepLinkTests.swift in Sources */,
				371932A52B9608E200F43CD9 /* XCTestCase+MemoryLeakTracking.swift in Sources */,
				3719329E2B9607A500F43CD9 /* LocationsViewModelTests.swift in Sources */,
			);
			runOnlyForDeploymentPostprocessing = 0;
		};
/* End PBXSourcesBuildPhase section */

/* Begin PBXTargetDependency section */
		371932542B95FE9100F43CD9 /* PBXTargetDependency */ = {
			isa = PBXTargetDependency;
			target = 371932402B95FE9000F43CD9 /* ABNAssessment */;
			targetProxy = 371932532B95FE9100F43CD9 /* PBXContainerItemProxy */;
		};
/* End PBXTargetDependency section */

/* Begin XCBuildConfiguration section */
		371932642B95FE9100F43CD9 /* Debug */ = {
			isa = XCBuildConfiguration;
			buildSettings = {
				ALWAYS_SEARCH_USER_PATHS = NO;
				ASSETCATALOG_COMPILER_GENERATE_SWIFT_ASSET_SYMBOL_EXTENSIONS = YES;
				CLANG_ANALYZER_NONNULL = YES;
				CLANG_ANALYZER_NUMBER_OBJECT_CONVERSION = YES_AGGRESSIVE;
				CLANG_CXX_LANGUAGE_STANDARD = "gnu++20";
				CLANG_ENABLE_MODULES = YES;
				CLANG_ENABLE_OBJC_ARC = YES;
				CLANG_ENABLE_OBJC_WEAK = YES;
				CLANG_WARN_BLOCK_CAPTURE_AUTORELEASING = YES;
				CLANG_WARN_BOOL_CONVERSION = YES;
				CLANG_WARN_COMMA = YES;
				CLANG_WARN_CONSTANT_CONVERSION = YES;
				CLANG_WARN_DEPRECATED_OBJC_IMPLEMENTATIONS = YES;
				CLANG_WARN_DIRECT_OBJC_ISA_USAGE = YES_ERROR;
				CLANG_WARN_DOCUMENTATION_COMMENTS = YES;
				CLANG_WARN_EMPTY_BODY = YES;
				CLANG_WARN_ENUM_CONVERSION = YES;
				CLANG_WARN_INFINITE_RECURSION = YES;
				CLANG_WARN_INT_CONVERSION = YES;
				CLANG_WARN_NON_LITERAL_NULL_CONVERSION = YES;
				CLANG_WARN_OBJC_IMPLICIT_RETAIN_SELF = YES;
				CLANG_WARN_OBJC_LITERAL_CONVERSION = YES;
				CLANG_WARN_OBJC_ROOT_CLASS = YES_ERROR;
				CLANG_WARN_QUOTED_INCLUDE_IN_FRAMEWORK_HEADER = YES;
				CLANG_WARN_RANGE_LOOP_ANALYSIS = YES;
				CLANG_WARN_STRICT_PROTOTYPES = YES;
				CLANG_WARN_SUSPICIOUS_MOVE = YES;
				CLANG_WARN_UNGUARDED_AVAILABILITY = YES_AGGRESSIVE;
				CLANG_WARN_UNREACHABLE_CODE = YES;
				CLANG_WARN__DUPLICATE_METHOD_MATCH = YES;
				COPY_PHASE_STRIP = NO;
				DEBUG_INFORMATION_FORMAT = dwarf;
				ENABLE_STRICT_OBJC_MSGSEND = YES;
				ENABLE_TESTABILITY = YES;
				ENABLE_USER_SCRIPT_SANDBOXING = YES;
				GCC_C_LANGUAGE_STANDARD = gnu17;
				GCC_DYNAMIC_NO_PIC = NO;
				GCC_NO_COMMON_BLOCKS = YES;
				GCC_OPTIMIZATION_LEVEL = 0;
				GCC_PREPROCESSOR_DEFINITIONS = (
					"DEBUG=1",
					"$(inherited)",
				);
				GCC_WARN_64_TO_32_BIT_CONVERSION = YES;
				GCC_WARN_ABOUT_RETURN_TYPE = YES_ERROR;
				GCC_WARN_UNDECLARED_SELECTOR = YES;
				GCC_WARN_UNINITIALIZED_AUTOS = YES_AGGRESSIVE;
				GCC_WARN_UNUSED_FUNCTION = YES;
				GCC_WARN_UNUSED_VARIABLE = YES;
				IPHONEOS_DEPLOYMENT_TARGET = 15.0;
				LOCALIZATION_PREFERS_STRING_CATALOGS = YES;
				MTL_ENABLE_DEBUG_INFO = INCLUDE_SOURCE;
				MTL_FAST_MATH = YES;
				ONLY_ACTIVE_ARCH = YES;
				SWIFT_ACTIVE_COMPILATION_CONDITIONS = "DEBUG $(inherited)";
				SWIFT_OPTIMIZATION_LEVEL = "-Onone";
			};
			name = Debug;
		};
		371932652B95FE9100F43CD9 /* Release */ = {
			isa = XCBuildConfiguration;
			buildSettings = {
				ALWAYS_SEARCH_USER_PATHS = NO;
				ASSETCATALOG_COMPILER_GENERATE_SWIFT_ASSET_SYMBOL_EXTENSIONS = YES;
				CLANG_ANALYZER_NONNULL = YES;
				CLANG_ANALYZER_NUMBER_OBJECT_CONVERSION = YES_AGGRESSIVE;
				CLANG_CXX_LANGUAGE_STANDARD = "gnu++20";
				CLANG_ENABLE_MODULES = YES;
				CLANG_ENABLE_OBJC_ARC = YES;
				CLANG_ENABLE_OBJC_WEAK = YES;
				CLANG_WARN_BLOCK_CAPTURE_AUTORELEASING = YES;
				CLANG_WARN_BOOL_CONVERSION = YES;
				CLANG_WARN_COMMA = YES;
				CLANG_WARN_CONSTANT_CONVERSION = YES;
				CLANG_WARN_DEPRECATED_OBJC_IMPLEMENTATIONS = YES;
				CLANG_WARN_DIRECT_OBJC_ISA_USAGE = YES_ERROR;
				CLANG_WARN_DOCUMENTATION_COMMENTS = YES;
				CLANG_WARN_EMPTY_BODY = YES;
				CLANG_WARN_ENUM_CONVERSION = YES;
				CLANG_WARN_INFINITE_RECURSION = YES;
				CLANG_WARN_INT_CONVERSION = YES;
				CLANG_WARN_NON_LITERAL_NULL_CONVERSION = YES;
				CLANG_WARN_OBJC_IMPLICIT_RETAIN_SELF = YES;
				CLANG_WARN_OBJC_LITERAL_CONVERSION = YES;
				CLANG_WARN_OBJC_ROOT_CLASS = YES_ERROR;
				CLANG_WARN_QUOTED_INCLUDE_IN_FRAMEWORK_HEADER = YES;
				CLANG_WARN_RANGE_LOOP_ANALYSIS = YES;
				CLANG_WARN_STRICT_PROTOTYPES = YES;
				CLANG_WARN_SUSPICIOUS_MOVE = YES;
				CLANG_WARN_UNGUARDED_AVAILABILITY = YES_AGGRESSIVE;
				CLANG_WARN_UNREACHABLE_CODE = YES;
				CLANG_WARN__DUPLICATE_METHOD_MATCH = YES;
				COPY_PHASE_STRIP = NO;
				DEBUG_INFORMATION_FORMAT = "dwarf-with-dsym";
				ENABLE_NS_ASSERTIONS = NO;
				ENABLE_STRICT_OBJC_MSGSEND = YES;
				ENABLE_USER_SCRIPT_SANDBOXING = YES;
				GCC_C_LANGUAGE_STANDARD = gnu17;
				GCC_NO_COMMON_BLOCKS = YES;
				GCC_WARN_64_TO_32_BIT_CONVERSION = YES;
				GCC_WARN_ABOUT_RETURN_TYPE = YES_ERROR;
				GCC_WARN_UNDECLARED_SELECTOR = YES;
				GCC_WARN_UNINITIALIZED_AUTOS = YES_AGGRESSIVE;
				GCC_WARN_UNUSED_FUNCTION = YES;
				GCC_WARN_UNUSED_VARIABLE = YES;
				IPHONEOS_DEPLOYMENT_TARGET = 15.0;
				LOCALIZATION_PREFERS_STRING_CATALOGS = YES;
				MTL_ENABLE_DEBUG_INFO = NO;
				MTL_FAST_MATH = YES;
				SWIFT_COMPILATION_MODE = wholemodule;
			};
			name = Release;
		};
		371932672B95FE9100F43CD9 /* Debug */ = {
			isa = XCBuildConfiguration;
			buildSettings = {
				ASSETCATALOG_COMPILER_APPICON_NAME = AppIcon;
				ASSETCATALOG_COMPILER_GLOBAL_ACCENT_COLOR_NAME = AccentColor;
				CODE_SIGN_ENTITLEMENTS = ABNAssessment/ABNAssessment.entitlements;
				CODE_SIGN_STYLE = Automatic;
				CURRENT_PROJECT_VERSION = 1;
				DEVELOPMENT_ASSET_PATHS = "\"ABNAssessment/Preview Content\"";
				DEVELOPMENT_TEAM = RTYQ8VV4GT;
				ENABLE_PREVIEWS = YES;
				GENERATE_INFOPLIST_FILE = YES;
				INFOPLIST_KEY_CFBundleDisplayName = "ABN Assessment";
				"INFOPLIST_KEY_UIApplicationSceneManifest_Generation[sdk=iphoneos*]" = YES;
				"INFOPLIST_KEY_UIApplicationSceneManifest_Generation[sdk=iphonesimulator*]" = YES;
				"INFOPLIST_KEY_UIApplicationSupportsIndirectInputEvents[sdk=iphoneos*]" = YES;
				"INFOPLIST_KEY_UIApplicationSupportsIndirectInputEvents[sdk=iphonesimulator*]" = YES;
				"INFOPLIST_KEY_UILaunchScreen_Generation[sdk=iphoneos*]" = YES;
				"INFOPLIST_KEY_UILaunchScreen_Generation[sdk=iphonesimulator*]" = YES;
				"INFOPLIST_KEY_UIStatusBarStyle[sdk=iphoneos*]" = UIStatusBarStyleDefault;
				"INFOPLIST_KEY_UIStatusBarStyle[sdk=iphonesimulator*]" = UIStatusBarStyleDefault;
				INFOPLIST_KEY_UISupportedInterfaceOrientations = "UIInterfaceOrientationPortrait UIInterfaceOrientationPortraitUpsideDown";
				INFOPLIST_KEY_UISupportedInterfaceOrientations_iPad = "UIInterfaceOrientationLandscapeLeft UIInterfaceOrientationLandscapeRight UIInterfaceOrientationPortrait UIInterfaceOrientationPortraitUpsideDown";
				IPHONEOS_DEPLOYMENT_TARGET = 15.0;
				LD_RUNPATH_SEARCH_PATHS = "@executable_path/Frameworks";
				"LD_RUNPATH_SEARCH_PATHS[sdk=macosx*]" = "@executable_path/../Frameworks";
				MACOSX_DEPLOYMENT_TARGET = 13.5;
				MARKETING_VERSION = 1.0;
				PRODUCT_BUNDLE_IDENTIFIER = com.Arends.ABNAssessment;
				PRODUCT_NAME = "$(TARGET_NAME)";
				SDKROOT = auto;
				SUPPORTED_PLATFORMS = "iphoneos iphonesimulator";
				SUPPORTS_MACCATALYST = NO;
				SWIFT_EMIT_LOC_STRINGS = YES;
				SWIFT_VERSION = 5.0;
				TARGETED_DEVICE_FAMILY = 1;
			};
			name = Debug;
		};
		371932682B95FE9100F43CD9 /* Release */ = {
			isa = XCBuildConfiguration;
			buildSettings = {
				ASSETCATALOG_COMPILER_APPICON_NAME = AppIcon;
				ASSETCATALOG_COMPILER_GLOBAL_ACCENT_COLOR_NAME = AccentColor;
				CODE_SIGN_ENTITLEMENTS = ABNAssessment/ABNAssessment.entitlements;
				CODE_SIGN_STYLE = Automatic;
				CURRENT_PROJECT_VERSION = 1;
				DEVELOPMENT_ASSET_PATHS = "\"ABNAssessment/Preview Content\"";
				DEVELOPMENT_TEAM = RTYQ8VV4GT;
				ENABLE_PREVIEWS = YES;
				GENERATE_INFOPLIST_FILE = YES;
				INFOPLIST_KEY_CFBundleDisplayName = "ABN Assessment";
				"INFOPLIST_KEY_UIApplicationSceneManifest_Generation[sdk=iphoneos*]" = YES;
				"INFOPLIST_KEY_UIApplicationSceneManifest_Generation[sdk=iphonesimulator*]" = YES;
				"INFOPLIST_KEY_UIApplicationSupportsIndirectInputEvents[sdk=iphoneos*]" = YES;
				"INFOPLIST_KEY_UIApplicationSupportsIndirectInputEvents[sdk=iphonesimulator*]" = YES;
				"INFOPLIST_KEY_UILaunchScreen_Generation[sdk=iphoneos*]" = YES;
				"INFOPLIST_KEY_UILaunchScreen_Generation[sdk=iphonesimulator*]" = YES;
				"INFOPLIST_KEY_UIStatusBarStyle[sdk=iphoneos*]" = UIStatusBarStyleDefault;
				"INFOPLIST_KEY_UIStatusBarStyle[sdk=iphonesimulator*]" = UIStatusBarStyleDefault;
				INFOPLIST_KEY_UISupportedInterfaceOrientations = "UIInterfaceOrientationPortrait UIInterfaceOrientationPortraitUpsideDown";
				INFOPLIST_KEY_UISupportedInterfaceOrientations_iPad = "UIInterfaceOrientationLandscapeLeft UIInterfaceOrientationLandscapeRight UIInterfaceOrientationPortrait UIInterfaceOrientationPortraitUpsideDown";
				IPHONEOS_DEPLOYMENT_TARGET = 15.0;
				LD_RUNPATH_SEARCH_PATHS = "@executable_path/Frameworks";
				"LD_RUNPATH_SEARCH_PATHS[sdk=macosx*]" = "@executable_path/../Frameworks";
				MACOSX_DEPLOYMENT_TARGET = 13.5;
				MARKETING_VERSION = 1.0;
				PRODUCT_BUNDLE_IDENTIFIER = com.Arends.ABNAssessment;
				PRODUCT_NAME = "$(TARGET_NAME)";
				SDKROOT = auto;
				SUPPORTED_PLATFORMS = "iphoneos iphonesimulator";
				SUPPORTS_MACCATALYST = NO;
				SWIFT_EMIT_LOC_STRINGS = YES;
				SWIFT_VERSION = 5.0;
				TARGETED_DEVICE_FAMILY = 1;
			};
			name = Release;
		};
		3719326A2B95FE9100F43CD9 /* Debug */ = {
			isa = XCBuildConfiguration;
			buildSettings = {
				ALWAYS_EMBED_SWIFT_STANDARD_LIBRARIES = YES;
				BUNDLE_LOADER = "$(TEST_HOST)";
				CODE_SIGN_STYLE = Automatic;
				CURRENT_PROJECT_VERSION = 1;
				GENERATE_INFOPLIST_FILE = YES;
				IPHONEOS_DEPLOYMENT_TARGET = 15.0;
				MACOSX_DEPLOYMENT_TARGET = 13.5;
				MARKETING_VERSION = 1.0;
				PRODUCT_BUNDLE_IDENTIFIER = com.Arends.ABNAssessmentTests;
				PRODUCT_NAME = "$(TARGET_NAME)";
				SDKROOT = auto;
				SUPPORTED_PLATFORMS = "iphoneos iphonesimulator";
				SUPPORTS_MACCATALYST = NO;
				SWIFT_EMIT_LOC_STRINGS = NO;
				SWIFT_VERSION = 5.0;
				TARGETED_DEVICE_FAMILY = 1;
				TEST_HOST = "$(BUILT_PRODUCTS_DIR)/ABNAssessment.app/$(BUNDLE_EXECUTABLE_FOLDER_PATH)/ABNAssessment";
			};
			name = Debug;
		};
		3719326B2B95FE9100F43CD9 /* Release */ = {
			isa = XCBuildConfiguration;
			buildSettings = {
				ALWAYS_EMBED_SWIFT_STANDARD_LIBRARIES = YES;
				BUNDLE_LOADER = "$(TEST_HOST)";
				CODE_SIGN_STYLE = Automatic;
				CURRENT_PROJECT_VERSION = 1;
				GENERATE_INFOPLIST_FILE = YES;
				IPHONEOS_DEPLOYMENT_TARGET = 15.0;
				MACOSX_DEPLOYMENT_TARGET = 13.5;
				MARKETING_VERSION = 1.0;
				PRODUCT_BUNDLE_IDENTIFIER = com.Arends.ABNAssessmentTests;
				PRODUCT_NAME = "$(TARGET_NAME)";
				SDKROOT = auto;
				SUPPORTED_PLATFORMS = "iphoneos iphonesimulator";
				SUPPORTS_MACCATALYST = NO;
				SWIFT_EMIT_LOC_STRINGS = NO;
				SWIFT_VERSION = 5.0;
				TARGETED_DEVICE_FAMILY = 1;
				TEST_HOST = "$(BUILT_PRODUCTS_DIR)/ABNAssessment.app/$(BUNDLE_EXECUTABLE_FOLDER_PATH)/ABNAssessment";
			};
			name = Release;
		};
/* End XCBuildConfiguration section */

/* Begin XCConfigurationList section */
		3719323C2B95FE9000F43CD9 /* Build configuration list for PBXProject "ABNAssessment" */ = {
			isa = XCConfigurationList;
			buildConfigurations = (
				371932642B95FE9100F43CD9 /* Debug */,
				371932652B95FE9100F43CD9 /* Release */,
			);
			defaultConfigurationIsVisible = 0;
			defaultConfigurationName = Release;
		};
		371932662B95FE9100F43CD9 /* Build configuration list for PBXNativeTarget "ABNAssessment" */ = {
			isa = XCConfigurationList;
			buildConfigurations = (
				371932672B95FE9100F43CD9 /* Debug */,
				371932682B95FE9100F43CD9 /* Release */,
			);
			defaultConfigurationIsVisible = 0;
			defaultConfigurationName = Release;
		};
		371932692B95FE9100F43CD9 /* Build configuration list for PBXNativeTarget "ABNAssessmentTests" */ = {
			isa = XCConfigurationList;
			buildConfigurations = (
				3719326A2B95FE9100F43CD9 /* Debug */,
				3719326B2B95FE9100F43CD9 /* Release */,
			);
			defaultConfigurationIsVisible = 0;
			defaultConfigurationName = Release;
		};
/* End XCConfigurationList section */
	};
	rootObject = 371932392B95FE9000F43CD9 /* Project object */;
}
